
Microsoft Visual Studio Solution File, Format Version 12.00
# Visual Studio Version 17
VisualStudioVersion = 17.3.32901.215
MinimumVisualStudioVersion = 10.0.40219.1
Project("{FAE04EC0-301F-11D3-BF4B-00C04F79EFBC}") = "Dikdörtgen Alan Çevre", "Dikdörtgen Alan Çevre\Dikdörtgen Alan Çevre.csproj", "{583EE145-A694-4EF1-9B7D-E5EA8323CC9A}"
EndProject
Global
	GlobalSection(SolutionConfigurationPlatforms) = preSolution
		Debug|Any CPU = Debug|Any CPU
		Release|Any CPU = Release|Any CPU
	EndGlobalSection
	GlobalSection(ProjectConfigurationPlatforms) = postSolution
		{583EE145-A694-4EF1-9B7D-E5EA8323CC9A}.Debug|Any CPU.ActiveCfg = Debug|Any CPU
		{583EE145-A694-4EF1-9B7D-E5EA8323CC9A}.Debug|Any CPU.Build.0 = Debug|Any CPU
		{583EE145-A694-4EF1-9B7D-E5EA8323CC9A}.Release|Any CPU.ActiveCfg = Release|Any CPU
		{583EE145-A694-4EF1-9B7D-E5EA8323CC9A}.Release|Any CPU.Build.0 = Release|Any CPU
	EndGlobalSection
	GlobalSection(SolutionProperties) = preSolution
		HideSolutionNode = FALSE
	EndGlobalSection
	GlobalSection(ExtensibilityGlobals) = postSolution
		SolutionGuid = {C00AF85F-6A32-438C-AF95-C835EA64C797}
	EndGlobalSection
EndGlobal
